
Microsoft Visual Studio Solution File, Format Version 12.00
# Visual Studio Version 17
VisualStudioVersion = 17.0.31912.275
MinimumVisualStudioVersion = 10.0.40219.1
Project("{2150E333-8FDC-42A3-9474-1A3956D46DE8}") = "1 - Api", "1 - Api", "{18A31D4F-1180-4ACF-91FF-0DD35040538A}"
EndProject
Project("{9A19103F-16F7-4668-BE54-9A1E7A4F7556}") = "Projeto.Estudo.Api", "Projeto.Estudo.Api\Projeto.Estudo.Api.csproj", "{E798EC73-D7CF-4F99-BFE2-74878E9ECD0C}"
EndProject
Project("{2150E333-8FDC-42A3-9474-1A3956D46DE8}") = "2 - Core", "2 - Core", "{A83AECE2-7727-4607-8CE3-F6DE76131991}"
EndProject
Project("{2150E333-8FDC-42A3-9474-1A3956D46DE8}") = "3 - Infra", "3 - Infra", "{DC92385C-F2F6-4EED-A14C-5A29904C6829}"
EndProject
Project("{9A19103F-16F7-4668-BE54-9A1E7A4F7556}") = "Projeto.Estudo.Core", "Projeto.Estudo.Core\Projeto.Estudo.Core.csproj", "{FC865627-26E6-4DA0-9C0C-4C37ED80886B}"
EndProject
Project("{2150E333-8FDC-42A3-9474-1A3956D46DE8}") = "Data", "Data", "{4444FBB1-C4BB-40FF-829F-D03368096184}"
EndProject
Project("{2150E333-8FDC-42A3-9474-1A3956D46DE8}") = "CrossCutting", "CrossCutting", "{07F2AB4C-5FA7-4331-B4C7-B29BA7742257}"
EndProject
Project("{2150E333-8FDC-42A3-9474-1A3956D46DE8}") = "src", "src", "{32125D26-C428-4489-BB51-960FB165D906}"
EndProject
Project("{2150E333-8FDC-42A3-9474-1A3956D46DE8}") = "tests", "tests", "{F9B4718A-BF78-4B30-9A72-1F1CE5302057}"
EndProject
Project("{2150E333-8FDC-42A3-9474-1A3956D46DE8}") = "deploy", "deploy", "{F51266BB-25F1-4281-92CC-0E9ACD9491A4}"
EndProject
Project("{2150E333-8FDC-42A3-9474-1A3956D46DE8}") = "FunctionalTests", "FunctionalTests", "{46E15DF0-0C46-4394-802A-088ABE86211C}"
EndProject
Project("{2150E333-8FDC-42A3-9474-1A3956D46DE8}") = "IntegrationTests", "IntegrationTests", "{E8695C25-B62F-4AE1-A0C7-2EB433D45868}"
EndProject
Project("{2150E333-8FDC-42A3-9474-1A3956D46DE8}") = "UnitTests", "UnitTests", "{F98468B6-5575-443E-A7E3-40B5428D77AD}"
EndProject
Project("{9A19103F-16F7-4668-BE54-9A1E7A4F7556}") = "Projeto.Estudo.FunctionalTests", "..\tests\FunctionalTests\Projeto.Estudo.FunctionalTests\Projeto.Estudo.FunctionalTests.csproj", "{8121DCF3-0DBA-4C47-B8DF-C3B37A3B6D61}"
EndProject
Project("{9A19103F-16F7-4668-BE54-9A1E7A4F7556}") = "Projeto.Estudo.IntegrationTests", "..\tests\IntegrationTests\Projeto.Estudo.IntegrationTests\Projeto.Estudo.IntegrationTests.csproj", "{F93B9B7A-E9FB-40B5-86B9-0B2C951C558E}"
EndProject
Project("{9A19103F-16F7-4668-BE54-9A1E7A4F7556}") = "Projeto.Estudo.UnitTests", "..\tests\UnitTests\Projeto.Estudo.UnitTests\Projeto.Estudo.UnitTests.csproj", "{4926C2DA-13EF-4673-943C-5367823C7DE6}"
EndProject
Project("{9A19103F-16F7-4668-BE54-9A1E7A4F7556}") = "ClearSale.Estudo.Infra.CrossCutting.IoC", "Projeto.Estudo.Infra.CrossCutting.IoC\ClearSale.Estudo.Infra.CrossCutting.IoC.csproj", "{5AFAA5FC-2F97-4120-9731-C192503D1C55}"
EndProject
Project("{9A19103F-16F7-4668-BE54-9A1E7A4F7556}") = "ClearSale.Estudo.Infra.Data.EntityFramework", "Projeto.Estudo.Infra.Data\ClearSale.Estudo.Infra.Data.EntityFramework.csproj", "{01F3E9C0-AD81-4370-9368-8168946B3857}"
EndProject
Project("{2150E333-8FDC-42A3-9474-1A3956D46DE8}") = "AcceptanceTests", "AcceptanceTests", "{D7990A7C-EA6B-40C7-B2DF-6BCFF3A76BAC}"
EndProject
Project("{FAE04EC0-301F-11D3-BF4B-00C04F79EFBC}") = "Projeto.Estudo.AcceptanceTests", "..\tests\AcceptanceTests\Projeto.Estudo.SpecFlowTests\Projeto.Estudo.SpecFlowTests.csproj", "{4A12D195-11D7-4D0F-A66A-713B14E7842E}"
EndProject
Global
	GlobalSection(SolutionConfigurationPlatforms) = preSolution
		Debug|Any CPU = Debug|Any CPU
		Release|Any CPU = Release|Any CPU
	EndGlobalSection
	GlobalSection(ProjectConfigurationPlatforms) = postSolution
		{E798EC73-D7CF-4F99-BFE2-74878E9ECD0C}.Debug|Any CPU.ActiveCfg = Debug|Any CPU
		{E798EC73-D7CF-4F99-BFE2-74878E9ECD0C}.Debug|Any CPU.Build.0 = Debug|Any CPU
		{E798EC73-D7CF-4F99-BFE2-74878E9ECD0C}.Release|Any CPU.ActiveCfg = Release|Any CPU
		{E798EC73-D7CF-4F99-BFE2-74878E9ECD0C}.Release|Any CPU.Build.0 = Release|Any CPU
		{FC865627-26E6-4DA0-9C0C-4C37ED80886B}.Debug|Any CPU.ActiveCfg = Debug|Any CPU
		{FC865627-26E6-4DA0-9C0C-4C37ED80886B}.Debug|Any CPU.Build.0 = Debug|Any CPU
		{FC865627-26E6-4DA0-9C0C-4C37ED80886B}.Release|Any CPU.ActiveCfg = Release|Any CPU
		{FC865627-26E6-4DA0-9C0C-4C37ED80886B}.Release|Any CPU.Build.0 = Release|Any CPU
		{8121DCF3-0DBA-4C47-B8DF-C3B37A3B6D61}.Debug|Any CPU.ActiveCfg = Debug|Any CPU
		{8121DCF3-0DBA-4C47-B8DF-C3B37A3B6D61}.Debug|Any CPU.Build.0 = Debug|Any CPU
		{8121DCF3-0DBA-4C47-B8DF-C3B37A3B6D61}.Release|Any CPU.ActiveCfg = Release|Any CPU
		{8121DCF3-0DBA-4C47-B8DF-C3B37A3B6D61}.Release|Any CPU.Build.0 = Release|Any CPU
		{F93B9B7A-E9FB-40B5-86B9-0B2C951C558E}.Debug|Any CPU.ActiveCfg = Debug|Any CPU
		{F93B9B7A-E9FB-40B5-86B9-0B2C951C558E}.Debug|Any CPU.Build.0 = Debug|Any CPU
		{F93B9B7A-E9FB-40B5-86B9-0B2C951C558E}.Release|Any CPU.ActiveCfg = Release|Any CPU
		{F93B9B7A-E9FB-40B5-86B9-0B2C951C558E}.Release|Any CPU.Build.0 = Release|Any CPU
		{4926C2DA-13EF-4673-943C-5367823C7DE6}.Debug|Any CPU.ActiveCfg = Debug|Any CPU
		{4926C2DA-13EF-4673-943C-5367823C7DE6}.Debug|Any CPU.Build.0 = Debug|Any CPU
		{4926C2DA-13EF-4673-943C-5367823C7DE6}.Release|Any CPU.ActiveCfg = Release|Any CPU
		{4926C2DA-13EF-4673-943C-5367823C7DE6}.Release|Any CPU.Build.0 = Release|Any CPU
		{5AFAA5FC-2F97-4120-9731-C192503D1C55}.Debug|Any CPU.ActiveCfg = Debug|Any CPU
		{5AFAA5FC-2F97-4120-9731-C192503D1C55}.Debug|Any CPU.Build.0 = Debug|Any CPU
		{5AFAA5FC-2F97-4120-9731-C192503D1C55}.Release|Any CPU.ActiveCfg = Release|Any CPU
		{5AFAA5FC-2F97-4120-9731-C192503D1C55}.Release|Any CPU.Build.0 = Release|Any CPU
		{01F3E9C0-AD81-4370-9368-8168946B3857}.Debug|Any CPU.ActiveCfg = Debug|Any CPU
		{01F3E9C0-AD81-4370-9368-8168946B3857}.Debug|Any CPU.Build.0 = Debug|Any CPU
		{01F3E9C0-AD81-4370-9368-8168946B3857}.Release|Any CPU.ActiveCfg = Release|Any CPU
		{01F3E9C0-AD81-4370-9368-8168946B3857}.Release|Any CPU.Build.0 = Release|Any CPU
		{4A12D195-11D7-4D0F-A66A-713B14E7842E}.Debug|Any CPU.ActiveCfg = Debug|Any CPU
		{4A12D195-11D7-4D0F-A66A-713B14E7842E}.Debug|Any CPU.Build.0 = Debug|Any CPU
		{4A12D195-11D7-4D0F-A66A-713B14E7842E}.Release|Any CPU.ActiveCfg = Release|Any CPU
		{4A12D195-11D7-4D0F-A66A-713B14E7842E}.Release|Any CPU.Build.0 = Release|Any CPU
	EndGlobalSection
	GlobalSection(SolutionProperties) = preSolution
		HideSolutionNode = FALSE
	EndGlobalSection
	GlobalSection(NestedProjects) = preSolution
		{18A31D4F-1180-4ACF-91FF-0DD35040538A} = {32125D26-C428-4489-BB51-960FB165D906}
		{E798EC73-D7CF-4F99-BFE2-74878E9ECD0C} = {18A31D4F-1180-4ACF-91FF-0DD35040538A}
		{A83AECE2-7727-4607-8CE3-F6DE76131991} = {32125D26-C428-4489-BB51-960FB165D906}
		{DC92385C-F2F6-4EED-A14C-5A29904C6829} = {32125D26-C428-4489-BB51-960FB165D906}
		{FC865627-26E6-4DA0-9C0C-4C37ED80886B} = {A83AECE2-7727-4607-8CE3-F6DE76131991}
		{4444FBB1-C4BB-40FF-829F-D03368096184} = {DC92385C-F2F6-4EED-A14C-5A29904C6829}
		{07F2AB4C-5FA7-4331-B4C7-B29BA7742257} = {DC92385C-F2F6-4EED-A14C-5A29904C6829}
		{46E15DF0-0C46-4394-802A-088ABE86211C} = {F9B4718A-BF78-4B30-9A72-1F1CE5302057}
		{E8695C25-B62F-4AE1-A0C7-2EB433D45868} = {F9B4718A-BF78-4B30-9A72-1F1CE5302057}
		{F98468B6-5575-443E-A7E3-40B5428D77AD} = {F9B4718A-BF78-4B30-9A72-1F1CE5302057}
		{8121DCF3-0DBA-4C47-B8DF-C3B37A3B6D61} = {46E15DF0-0C46-4394-802A-088ABE86211C}
		{F93B9B7A-E9FB-40B5-86B9-0B2C951C558E} = {E8695C25-B62F-4AE1-A0C7-2EB433D45868}
		{4926C2DA-13EF-4673-943C-5367823C7DE6} = {F98468B6-5575-443E-A7E3-40B5428D77AD}
		{5AFAA5FC-2F97-4120-9731-C192503D1C55} = {07F2AB4C-5FA7-4331-B4C7-B29BA7742257}
		{01F3E9C0-AD81-4370-9368-8168946B3857} = {4444FBB1-C4BB-40FF-829F-D03368096184}
		{D7990A7C-EA6B-40C7-B2DF-6BCFF3A76BAC} = {F9B4718A-BF78-4B30-9A72-1F1CE5302057}
		{4A12D195-11D7-4D0F-A66A-713B14E7842E} = {D7990A7C-EA6B-40C7-B2DF-6BCFF3A76BAC}
	EndGlobalSection
	GlobalSection(ExtensibilityGlobals) = postSolution
		SolutionGuid = {2C1850A6-56C0-46CD-A4FC-FC087ABACD70}
	EndGlobalSection
EndGlobal
